{
  "name": "google-font-to-svg-path",
  "version": "1.0.0",
  "lockfileVersion": 1,
  "requires": true,
  "dependencies": {
    "@types/bezier-js": {
      "version": "0.0.6",
      "resolved": "https://registry.npmjs.org/@types/bezier-js/-/bezier-js-0.0.6.tgz",
      "integrity": "sha1-DZdtaBY8SVUzLveYohoLPWOB0Ss="
    },
    "@types/node": {
      "version": "7.10.9",
      "resolved": "https://registry.npmjs.org/@types/node/-/node-7.10.9.tgz",
      "integrity": "sha512-usSpgoUsRtO5xNV5YEPU8PPnHisFx8u0rokj1BPVn/hDF7zwUDzVLiuKZM38B7z8V2111Fj6kd4rGtQFUZpNOw=="
    },
    "@types/opentype.js": {
      "version": "0.0.0",
      "resolved": "https://registry.npmjs.org/@types/opentype.js/-/opentype.js-0.0.0.tgz",
      "integrity": "sha1-AvZD18Y8Pr9PZG/GBa5Gg/hJrxs="
    },
    "@types/pdfkit": {
      "version": "0.7.36",
      "resolved": "https://registry.npmjs.org/@types/pdfkit/-/pdfkit-0.7.36.tgz",
      "integrity": "sha512-9eRA6MuW+n78yU3HhoIrDxjyAX2++B5MpLDYqHOnaRTquCw+5sYXT+QN8E1eSaxvNUwlRfU3tOm4UzTeGWmBqg==",
      "requires": {
        "@types/node": "*"
      }
    },
    "bezier-js": {
      "version": "2.6.1",
      "resolved": "https://registry.npmjs.org/bezier-js/-/bezier-js-2.6.1.tgz",
      "integrity": "sha512-jelZM33eNzcZ9snJ/5HqJLw3IzXvA8RFcBjkdOB8SDYyOvW8Y2tTosojAiBTnD1MhbHoWUYNbxUXxBl61TxbRg=="
    },
    "clone": {
      "version": "1.0.4",
      "resolved": "https://registry.npmjs.org/clone/-/clone-1.0.4.tgz",
      "integrity": "sha1-2jCcwmPfFZlMaIypAheco8fNfH4="
    },
    "graham_scan": {
      "version": "1.0.4",
      "resolved": "https://registry.npmjs.org/graham_scan/-/graham_scan-1.0.4.tgz",
      "integrity": "sha1-OZZR3R+DU+GID1nqjl+Uud9Mkoo="
    },
    "makerjs": {
      "version": "0.9.93",
      "resolved": "https://registry.npmjs.org/makerjs/-/makerjs-0.9.93.tgz",
      "integrity": "sha512-XztS2tJEpL01dsZ5P11kGO2MitrD6MsSvkNDS3uUDVN9SVDJn33Q2j9DFruJsiRtqNVRseLK52vkkbWKtLB/tA==",
      "requires": {
        "@types/bezier-js": "^0.0.6",
        "@types/node": "^7.0.5",
        "@types/opentype.js": "^0.0.0",
        "@types/pdfkit": "^0.7.34",
        "bezier-js": "^2.1.0",
        "clone": "^1.0.2",
        "graham_scan": "^1.0.4"
      }
    },
    "opentype.js": {
      "version": "0.7.3",
      "resolved": "https://registry.npmjs.org/opentype.js/-/opentype.js-0.7.3.tgz",
      "integrity": "sha1-QPuM4Yv9YOdESO/f5EKDQJg5eqs=",
      "requires": {
        "tiny-inflate": "^1.0.2"
      }
    },
    "tiny-inflate": {
      "version": "1.0.3",
      "resolved": "https://registry.npmjs.org/tiny-inflate/-/tiny-inflate-1.0.3.tgz",
      "integrity": "sha512-pkY1fj1cKHb2seWDy0B16HeWyczlJA9/WW3u3c4z/NiWDsO3DOU5D7nhTLE9CF0yXv/QZFY7sEJmj24dK+Rrqw=="
    }
  }
}
